
Microsoft Visual Studio Solution File, Format Version 12.00
# Visual Studio Version 17
VisualStudioVersion = 17.1.32210.238
MinimumVisualStudioVersion = 10.0.40219.1
Project("{FAE04EC0-301F-11D3-BF4B-00C04F79EFBC}") = "textapp", "textapp\textapp.csproj", "{650460C6-A753-419C-8599-634DD4634A66}"
EndProject
Global
	GlobalSection(SolutionConfigurationPlatforms) = preSolution
		Debug|Any CPU = Debug|Any CPU
		Release|Any CPU = Release|Any CPU
	EndGlobalSection
	GlobalSection(ProjectConfigurationPlatforms) = postSolution
		{650460C6-A753-419C-8599-634DD4634A66}.Debug|Any CPU.ActiveCfg = Debug|Any CPU
		{650460C6-A753-419C-8599-634DD4634A66}.Debug|Any CPU.Build.0 = Debug|Any CPU
		{650460C6-A753-419C-8599-634DD4634A66}.Release|Any CPU.ActiveCfg = Release|Any CPU
		{650460C6-A753-419C-8599-634DD4634A66}.Release|Any CPU.Build.0 = Release|Any CPU
	EndGlobalSection
	GlobalSection(SolutionProperties) = preSolution
		HideSolutionNode = FALSE
	EndGlobalSection
	GlobalSection(ExtensibilityGlobals) = postSolution
		SolutionGuid = {C3B3AC0F-68AC-442D-8867-E0C0E957829C}
	EndGlobalSection
EndGlobal
